// !$*UTF8*$!
{
	archiveVersion = 1;
	classes = {
	};
	objectVersion = 46;
	objects = {

/* Begin PBXBuildFile section */
		B85FDDE61DB92C04008743B8 /* AppDelegate.swift in Sources */ = {isa = PBXBuildFile; fileRef = B85FDDE51DB92C04008743B8 /* AppDelegate.swift */; };
		B85FDDE81DB92C04008743B8 /* ViewController.swift in Sources */ = {isa = PBXBuildFile; fileRef = B85FDDE71DB92C04008743B8 /* ViewController.swift */; };
		B85FDDEB1DB92C04008743B8 /* Main.storyboard in Resources */ = {isa = PBXBuildFile; fileRef = B85FDDE91DB92C04008743B8 /* Main.storyboard */; };
		B85FDDED1DB92C04008743B8 /* Assets.xcassets in Resources */ = {isa = PBXBuildFile; fileRef = B85FDDEC1DB92C04008743B8 /* Assets.xcassets */; };
		B85FDDF01DB92C04008743B8 /* LaunchScreen.storyboard in Resources */ = {isa = PBXBuildFile; fileRef = B85FDDEE1DB92C04008743B8 /* LaunchScreen.storyboard */; };
/* End PBXBuildFile section */

/* Begin PBXFileReference section */
		B85FDDE21DB92C04008743B8 /* TipsApp.app */ = {isa = PBXFileReference; explicitFileType = wrapper.application; includeInIndex = 0; path = TipsApp.app; sourceTree = BUILT_PRODUCTS_DIR; };
		B85FDDE51DB92C04008743B8 /* AppDelegate.swift */ = {isa = PBXFileReference; lastKnownFileType = sourcecode.swift; path = AppDelegate.swift; sourceTree = "<group>"; };
		B85FDDE71DB92C04008743B8 /* ViewController.swift */ = {isa = PBXFileReference; lastKnownFileType = sourcecode.swift; path = ViewController.swift; sourceTree = "<group>"; };
		B85FDDEA1DB92C04008743B8 /* Base */ = {isa = PBXFileReference; lastKnownFileType = file.storyboard; name = Base; path = Base.lproj/Main.storyboard; sourceTree = "<group>"; };
		B85FDDEC1DB92C04008743B8 /* Assets.xcassets */ = {isa = PBXFileReference; lastKnownFileType = folder.assetcatalog; path = Assets.xcassets; sourceTree = "<group>"; };
		B85FDDEF1DB92C04008743B8 /* Base */ = {isa = PBXFileReference; lastKnownFileType = file.storyboard; name = Base; path = Base.lproj/LaunchScreen.storyboard; sourceTree = "<group>"; };
		B85FDDF11DB92C04008743B8 /* Info.plist */ = {isa = PBXFileReference; lastKnownFileType = text.plist.xml; path = Info.plist; sourceTree = "<group>"; };
/* End PBXFileReference section */

/* Begin PBXFrameworksBuildPhase section */
		B85FDDDF1DB92C04008743B8 /* Frameworks */ = {
			isa = PBXFrameworksBuildPhase;
			buildActionMask = 2147483647;
			files = (
			);
			runOnlyForDeploymentPostprocessing = 0;
		};
/* End PBXFrameworksBuildPhase section */

/* Begin PBXGroup section */
		B85FDDD91DB92C04008743B8 = {
			isa = PBXGroup;
			children = (
				B85FDDE41DB92C04008743B8 /* TipsApp */,
				B85FDDE31DB92C04008743B8 /* Products */,
			);
			sourceTree = "<group>";
		};
		B85FDDE31DB92C04008743B8 /* Products */ = {
			isa = PBXGroup;
			children = (
				B85FDDE21DB92C04008743B8 /* TipsApp.app */,
			);
			name = Products;
			sourceTree = "<group>";
		};
		B85FDDE41DB92C04008743B8 /* TipsApp */ = {
			isa = PBXGroup;
			children = (
				B85FDDE51DB92C04008743B8 /* AppDelegate.swift */,
				B85FDDE71DB92C04008743B8 /* ViewController.swift */,
				B85FDDE91DB92C04008743B8 /* Main.storyboard */,
				B85FDDEC1DB92C04008743B8 /* Assets.xcassets */,
				B85FDDEE1DB92C04008743B8 /* LaunchScreen.storyboard */,
				B85FDDF11DB92C04008743B8 /* Info.plist */,
			);
			path = TipsApp;
			sourceTree = "<group>";
		};
/* End PBXGroup section */

/* Begin PBXNativeTarget section */
		B85FDDE11DB92C04008743B8 /* TipsApp */ = {
			isa = PBXNativeTarget;
			buildConfigurationList = B85FDDF41DB92C04008743B8 /* Build configuration list for PBXNativeTarget "TipsApp" */;
			buildPhases = (
				B85FDDDE1DB92C04008743B8 /* Sources */,
				B85FDDDF1DB92C04008743B8 /* Frameworks */,
				B85FDDE01DB92C04008743B8 /* Resources */,
			);
			buildRules = (
			);
			dependencies = (
			);
			name = TipsApp;
			productName = TipsApp;
			productReference = B85FDDE21DB92C04008743B8 /* TipsApp.app */;
			productType = "com.apple.product-type.application";
		};
/* End PBXNativeTarget section */

/* Begin PBXProject section */
		B85FDDDA1DB92C04008743B8 /* Project object */ = {
			isa = PBXProject;
			attributes = {
				LastSwiftUpdateCheck = 0800;
				LastUpgradeCheck = 0800;
				ORGANIZATIONNAME = "林暐潔";
				TargetAttributes = {
					B85FDDE11DB92C04008743B8 = {
						CreatedOnToolsVersion = 8.0;
						DevelopmentTeam = KYSS7X6B2V;
						ProvisioningStyle = Automatic;
					};
				};
			};
			buildConfigurationList = B85FDDDD1DB92C04008743B8 /* Build configuration list for PBXProject "TipsApp" */;
			compatibilityVersion = "Xcode 3.2";
			developmentRegion = English;
			hasScannedForEncodings = 0;
			knownRegions = (
				en,
				Base,
			);
			mainGroup = B85FDDD91DB92C04008743B8;
			productRefGroup = B85FDDE31DB92C04008743B8 /* Products */;
			projectDirPath = "";
			projectRoot = "";
			targets = (
				B85FDDE11DB92C04008743B8 /* TipsApp */,
			);
		};
/* End PBXProject section */

/* Begin PBXResourcesBuildPhase section */
		B85FDDE01DB92C04008743B8 /* Resources */ = {
			isa = PBXResourcesBuildPhase;
			buildActionMask = 2147483647;
			files = (
				B85FDDF01DB92C04008743B8 /* LaunchScreen.storyboard in Resources */,
				B85FDDED1DB92C04008743B8 /* Assets.xcassets in Resources */,
				B85FDDEB1DB92C04008743B8 /* Main.storyboard in Resources */,
			);
			runOnlyForDeploymentPostprocessing = 0;
		};
/* End PBXResourcesBuildPhase section */

/* Begin PBXSourcesBuildPhase section */
		B85FDDDE1DB92C04008743B8 /* Sources */ = {
			isa = PBXSourcesBuildPhase;
			buildActionMask = 2147483647;
			files = (
				B85FDDE81DB92C04008743B8 /* ViewController.swift in Sources */,
				B85FDDE61DB92C04008743B8 /* AppDelegate.swift in Sources */,
			);
			runOnlyForDeploymentPostprocessing = 0;
		};
/* End PBXSourcesBuildPhase section */

/* Begin PBXVariantGroup section */
		B85FDDE91DB92C04008743B8 /* Main.storyboard */ = {
			isa = PBXVariantGroup;
			children = (
				B85FDDEA1DB92C04008743B8 /* Base */,
			);
			name = Main.storyboard;
			sourceTree = "<group>";
		};
		B85FDDEE1DB92C04008743B8 /* LaunchScreen.storyboard */ = {
			isa = PBXVariantGroup;
			children = (
				B85FDDEF1DB92C04008743B8 /* Base */,
			);
			name = LaunchScreen.storyboard;
			sourceTree = "<group>";
		};
/* End PBXVariantGroup section */

/* Begin XCBuildConfiguration section */
		B85FDDF21DB92C04008743B8 /* Debug */ = {
			isa = XCBuildConfiguration;
			buildSettings = {
				ALWAYS_SEARCH_USER_PATHS = NO;
				CLANG_ANALYZER_NONNULL = YES;
				CLANG_CXX_LANGUAGE_STANDARD = "gnu++0x";
				CLANG_CXX_LIBRARY = "libc++";
				CLANG_ENABLE_MODULES = YES;
				CLANG_ENABLE_OBJC_ARC = YES;
				CLANG_WARN_BOOL_CONVERSION = YES;
				CLANG_WARN_CONSTANT_CONVERSION = YES;
				CLANG_WARN_DIRECT_OBJC_ISA_USAGE = YES_ERROR;
				CLANG_WARN_DOCUMENTATION_COMMENTS = YES;
				CLANG_WARN_EMPTY_BODY = YES;
				CLANG_WARN_ENUM_CONVERSION = YES;
				CLANG_WARN_INFINITE_RECURSION = YES;
				CLANG_WARN_INT_CONVERSION = YES;
				CLANG_WARN_OBJC_ROOT_CLASS = YES_ERROR;
				CLANG_WARN_SUSPICIOUS_MOVES = YES;
				CLANG_WARN_UNREACHABLE_CODE = YES;
				CLANG_WARN__DUPLICATE_METHOD_MATCH = YES;
				"CODE_SIGN_IDENTITY[sdk=iphoneos*]" = "iPhone Developer";
				COPY_PHASE_STRIP = NO;
				DEBUG_INFORMATION_FORMAT = dwarf;
				ENABLE_STRICT_OBJC_MSGSEND = YES;
				ENABLE_TESTABILITY = YES;
				GCC_C_LANGUAGE_STANDARD = gnu99;
				GCC_DYNAMIC_NO_PIC = NO;
				GCC_NO_COMMON_BLOCKS = YES;
				GCC_OPTIMIZATION_LEVEL = 0;
				GCC_PREPROCESSOR_DEFINITIONS = (
					"DEBUG=1",
					"$(inherited)",
				);
				GCC_WARN_64_TO_32_BIT_CONVERSION = YES;
				GCC_WARN_ABOUT_RETURN_TYPE = YES_ERROR;
				GCC_WARN_UNDECLARED_SELECTOR = YES;
				GCC_WARN_UNINITIALIZED_AUTOS = YES_AGGRESSIVE;
				GCC_WARN_UNUSED_FUNCTION = YES;
				GCC_WARN_UNUSED_VARIABLE = YES;
				IPHONEOS_DEPLOYMENT_TARGET = 10.0;
				MTL_ENABLE_DEBUG_INFO = YES;
				ONLY_ACTIVE_ARCH = YES;
				SDKROOT = iphoneos;
				SWIFT_ACTIVE_COMPILATION_CONDITIONS = DEBUG;
				SWIFT_OPTIMIZATION_LEVEL = "-Onone";
			};
			name = Debug;
		};
		B85FDDF31DB92C04008743B8 /* Release */ = {
			isa = XCBuildConfiguration;
			buildSettings = {
				ALWAYS_SEARCH_USER_PATHS = NO;
				CLANG_ANALYZER_NONNULL = YES;
				CLANG_CXX_LANGUAGE_STANDARD = "gnu++0x";
				CLANG_CXX_LIBRARY = "libc++";
				CLANG_ENABLE_MODULES = YES;
				CLANG_ENABLE_OBJC_ARC = YES;
				CLANG_WARN_BOOL_CONVERSION = YES;
				CLANG_WARN_CONSTANT_CONVERSION = YES;
				CLANG_WARN_DIRECT_OBJC_ISA_USAGE = YES_ERROR;
				CLANG_WARN_DOCUMENTATION_COMMENTS = YES;
				CLANG_WARN_EMPTY_BODY = YES;
				CLANG_WARN_ENUM_CONVERSION = YES;
				CLANG_WARN_INFINITE_RECURSION = YES;
				CLANG_WARN_INT_CONVERSION = YES;
				CLANG_WARN_OBJC_ROOT_CLASS = YES_ERROR;
				CLANG_WARN_SUSPICIOUS_MOVES = YES;
				CLANG_WARN_UNREACHABLE_CODE = YES;
				CLANG_WARN__DUPLICATE_METHOD_MATCH = YES;
				"CODE_SIGN_IDENTITY[sdk=iphoneos*]" = "iPhone Developer";
				COPY_PHASE_STRIP = NO;
				DEBUG_INFORMATION_FORMAT = "dwarf-with-dsym";
				ENABLE_NS_ASSERTIONS = NO;
				ENABLE_STRICT_OBJC_MSGSEND = YES;
				GCC_C_LANGUAGE_STANDARD = gnu99;
				GCC_NO_COMMON_BLOCKS = YES;
				GCC_WARN_64_TO_32_BIT_CONVERSION = YES;
				GCC_WARN_ABOUT_RETURN_TYPE = YES_ERROR;
				GCC_WARN_UNDECLARED_SELECTOR = YES;
				GCC_WARN_UNINITIALIZED_AUTOS = YES_AGGRESSIVE;
				GCC_WARN_UNUSED_FUNCTION = YES;
				GCC_WARN_UNUSED_VARIABLE = YES;
				IPHONEOS_DEPLOYMENT_TARGET = 10.0;
				MTL_ENABLE_DEBUG_INFO = NO;
				SDKROOT = iphoneos;
				SWIFT_OPTIMIZATION_LEVEL = "-Owholemodule";
				VALIDATE_PRODUCT = YES;
			};
			name = Release;
		};
		B85FDDF51DB92C04008743B8 /* Debug */ = {
			isa = XCBuildConfiguration;
			buildSettings = {
				ASSETCATALOG_COMPILER_APPICON_NAME = AppIcon;
				DEVELOPMENT_TEAM = KYSS7X6B2V;
				INFOPLIST_FILE = TipsApp/Info.plist;
				LD_RUNPATH_SEARCH_PATHS = "$(inherited) @executable_path/Frameworks";
				PRODUCT_BUNDLE_IDENTIFIER = com.Jay.TipsApp;
				PRODUCT_NAME = "$(TARGET_NAME)";
				SWIFT_VERSION = 3.0;
			};
			name = Debug;
		};
		B85FDDF61DB92C04008743B8 /* Release */ = {
			isa = XCBuildConfiguration;
			buildSettings = {
				ASSETCATALOG_COMPILER_APPICON_NAME = AppIcon;
				DEVELOPMENT_TEAM = KYSS7X6B2V;
				INFOPLIST_FILE = TipsApp/Info.plist;
				LD_RUNPATH_SEARCH_PATHS = "$(inherited) @executable_path/Frameworks";
				PRODUCT_BUNDLE_IDENTIFIER = com.Jay.TipsApp;
				PRODUCT_NAME = "$(TARGET_NAME)";
				SWIFT_VERSION = 3.0;
			};
			name = Release;
		};
/* End XCBuildConfiguration section */

/* Begin XCConfigurationList section */
		B85FDDDD1DB92C04008743B8 /* Build configuration list for PBXProject "TipsApp" */ = {
			isa = XCConfigurationList;
			buildConfigurations = (
				B85FDDF21DB92C04008743B8 /* Debug */,
				B85FDDF31DB92C04008743B8 /* Release */,
			);
			defaultConfigurationIsVisible = 0;
			defaultConfigurationName = Release;
		};
		B85FDDF41DB92C04008743B8 /* Build configuration list for PBXNativeTarget "TipsApp" */ = {
			isa = XCConfigurationList;
			buildConfigurations = (
				B85FDDF51DB92C04008743B8 /* Debug */,
				B85FDDF61DB92C04008743B8 /* Release */,
			);
			defaultConfigurationIsVisible = 0;
		};
/* End XCConfigurationList section */
	};
	rootObject = B85FDDDA1DB92C04008743B8 /* Project object */;
}
